
Microsoft Visual Studio Solution File, Format Version 12.00
# Visual Studio Version 17
VisualStudioVersion = 17.10.34928.147
MinimumVisualStudioVersion = 10.0.40219.1
Project("{FAE04EC0-301F-11D3-BF4B-00C04F79EFBC}") = "BasicDbHandling", "BasicDbHandling.csproj", "{53C12C1B-25C7-436F-8F63-C967506F280A}"
EndProject
Global
	GlobalSection(SolutionConfigurationPlatforms) = preSolution
		Debug|Any CPU = Debug|Any CPU
		Release|Any CPU = Release|Any CPU
	EndGlobalSection
	GlobalSection(ProjectConfigurationPlatforms) = postSolution
		{53C12C1B-25C7-436F-8F63-C967506F280A}.Debug|Any CPU.ActiveCfg = Debug|Any CPU
		{53C12C1B-25C7-436F-8F63-C967506F280A}.Debug|Any CPU.Build.0 = Debug|Any CPU
		{53C12C1B-25C7-436F-8F63-C967506F280A}.Release|Any CPU.ActiveCfg = Release|Any CPU
		{53C12C1B-25C7-436F-8F63-C967506F280A}.Release|Any CPU.Build.0 = Release|Any CPU
	EndGlobalSection
	GlobalSection(SolutionProperties) = preSolution
		HideSolutionNode = FALSE
	EndGlobalSection
	GlobalSection(ExtensibilityGlobals) = postSolution
		SolutionGuid = {708B879A-5A0F-42A8-8947-8CBE43C19B71}
	EndGlobalSection
EndGlobal
