
Microsoft Visual Studio Solution File, Format Version 12.00
# Visual Studio Version 17
VisualStudioVersion = 17.10.34928.147
MinimumVisualStudioVersion = 10.0.40219.1
Project("{FAE04EC0-301F-11D3-BF4B-00C04F79EFBC}") = "basicWeb", "basicWeb.csproj", "{46B674D1-4FDA-4A7B-B7E5-F3BD94BE8963}"
EndProject
Global
	GlobalSection(SolutionConfigurationPlatforms) = preSolution
		Debug|Any CPU = Debug|Any CPU
		Release|Any CPU = Release|Any CPU
	EndGlobalSection
	GlobalSection(ProjectConfigurationPlatforms) = postSolution
		{46B674D1-4FDA-4A7B-B7E5-F3BD94BE8963}.Debug|Any CPU.ActiveCfg = Debug|Any CPU
		{46B674D1-4FDA-4A7B-B7E5-F3BD94BE8963}.Debug|Any CPU.Build.0 = Debug|Any CPU
		{46B674D1-4FDA-4A7B-B7E5-F3BD94BE8963}.Release|Any CPU.ActiveCfg = Release|Any CPU
		{46B674D1-4FDA-4A7B-B7E5-F3BD94BE8963}.Release|Any CPU.Build.0 = Release|Any CPU
	EndGlobalSection
	GlobalSection(SolutionProperties) = preSolution
		HideSolutionNode = FALSE
	EndGlobalSection
	GlobalSection(ExtensibilityGlobals) = postSolution
		SolutionGuid = {17B038E9-D7F4-4A74-B66C-AA3D9CB1E689}
	EndGlobalSection
EndGlobal
